{
  "meteor": {},
  "dependencies": {
    "basePackages": {
      "bootstrap-3": {},
      "accounts-ui-bootstrap-3": {},
      "router": {},
      "user-status": {},
      "event-hooks": {},
      "collectionFS": {}
    },
    "packages": {
      "bootstrap-3": {
        "git": "https://github.com/mangasocial/meteor-bootstrap-3.git",
        "tag": "v0.3.7",
        "commit": "5dd0d142c870647b910be80bc777b96f0dd45e5e"
      },
      "accounts-ui-bootstrap-3": {
        "git": "https://github.com/mangasocial/meteor-accounts-ui-bootstrap-3.git",
        "tag": "v0.2.4",
        "commit": "cdbd20eb065310c0cc302bbd5f22e5b2121c769a"
      },
      "router": {
        "git": "https://github.com/tmeasday/meteor-router.git",
        "tag": "v0.5.4.1",
        "commit": "d00e380dda2184b70e909fc4a0fb5358d602c586"
      },
      "user-status": {
        "git": "https://github.com/mizzao/meteor-user-status.git",
        "tag": "v0.1.7",
        "commit": "b6aa32ef56ba7b55b5f41bcd63cc80b0558e090e"
      },
      "event-hooks": {
        "git": "https://github.com/BenjaminRH/meteor-event-hooks.git",
        "tag": "v1.4.3",
        "commit": "ba4f3d7887748458618d29615492906f0c88d31c"
      },
      "collectionFS": {
        "git": "https://github.com/raix/Meteor-CollectionFS.git",
        "tag": "v0.3.6",
        "commit": "e28922685d07fc2bd17e23571eeb050cd85176f7"
      },
      "page-js-ie-support": {
        "git": "https://github.com/tmeasday/meteor-page-js-ie-support.git",
        "tag": "v1.3.5",
        "commit": "b99ed8380aefd10b2afc8f18d9eed4dd0d8ea9cb"
      },
      "HTML5-History-API": {
        "git": "https://github.com/tmeasday/meteor-HTML5-History-API.git",
        "tag": "v4.0.0",
        "commit": "dc4965f1424cfca625ec3fbea17eace03f8e32c5"
      },
      "cfs-public-folder": {
        "git": "https://github.com/nooitaf/meteor-cfs-public-folder.git",
        "tag": "v0.0.3",
        "commit": "581c716424b374efb6f611110002621f9cc9212b"
      }
    }
  }
}
